Microsoft Visual Studio Solution File, Format Version 12.00
# Visual Studio Version 17
VisualStudioVersion = 17.12.35527.113
MinimumVisualStudioVersion = 10.0.40219.1
Project("{2150E333-8FDC-42A3-9474-1A3956D46DE8}") = "Apps", "Apps", "{F9423383-F583-4720-86A6-C6C36A2A8D1B}"
EndProject
Project("{2150E333-8FDC-42A3-9474-1A3956D46DE8}") = "Aspire", "Aspire", "{E27AA7E3-CCA1-4968-925A-C9ADAC389FE8}"
EndProject
Project("{2150E333-8FDC-42A3-9474-1A3956D46DE8}") = "src", "src", "{FAB9262E-3185-46E0-85FC-252CAB9ED201}"
EndProject
Project("{2150E333-8FDC-42A3-9474-1A3956D46DE8}") = "tests", "tests", "{23467FC8-9C82-4387-8118-B04D09E731A9}"
EndProject
Project("{FAE04EC0-301F-11D3-BF4B-00C04F79EFBC}") = "ChatService.APIs.REST", "src\Apps\ChatService.APIs.REST\ChatService.APIs.REST.csproj", "{AA5A432C-519E-4E2A-8888-67E01AE05A73}"
EndProject
Project("{2150E333-8FDC-42A3-9474-1A3956D46DE8}") = "Solution Items", "Solution Items", "{1D500FA1-337D-4413-A315-CA478386472E}"
	ProjectSection(SolutionItems) = preProject
		.editorconfig = .editorconfig
		Directory.Build.props = Directory.Build.props
		Directory.Packages.props = Directory.Packages.props
	EndProjectSection
EndProject
Project("{FAE04EC0-301F-11D3-BF4B-00C04F79EFBC}") = "ChatService.WebSockets.SignalR", "src\Apps\ChatService.WebSockets.SignalR\ChatService.WebSockets.SignalR.csproj", "{43156B55-9653-4664-A911-3DDCBBB5A85A}"
EndProject
Project("{FAE04EC0-301F-11D3-BF4B-00C04F79EFBC}") = "ChatService.AppHost", "src\Aspire\ChatService.AppHost\ChatService.AppHost.csproj", "{3DF5D9D7-D874-44CD-9CFD-E117573D7FF3}"
EndProject
Project("{FAE04EC0-301F-11D3-BF4B-00C04F79EFBC}") = "ChatService.ServiceDefaults", "src\Aspire\ChatService.ServiceDefaults\ChatService.ServiceDefaults.csproj", "{D803BB96-9241-4111-8A0F-040F0E63601E}"
EndProject
Project("{FAE04EC0-301F-11D3-BF4B-00C04F79EFBC}") = "ChatService.Core", "src\Core\ChatService.Core.csproj", "{42953750-76B6-4208-B2E7-DEAAC376A020}"
EndProject
Project("{FAE04EC0-301F-11D3-BF4B-00C04F79EFBC}") = "ChatService.Infrastructure", "src\Infrastructure\ChatService.Infrastructure.csproj", "{98A73A9A-FA41-4845-8CFB-F60646F8E106}"
EndProject
Project("{2150E333-8FDC-42A3-9474-1A3956D46DE8}") = "UnitTests", "UnitTests", "{6F832C49-B5F7-4369-8FAA-A2CA4E16A46E}"
EndProject
Project("{2150E333-8FDC-42A3-9474-1A3956D46DE8}") = "Benchmarks", "Benchmarks", "{54010D84-03E9-4AC6-8E80-BA05FD5819B8}"
EndProject
Project("{FAE04EC0-301F-11D3-BF4B-00C04F79EFBC}") = "ChatService.Core.Tests", "tests\UnitTests\ChatService.Core.Tests\ChatService.Core.Tests.csproj", "{FA19F1E9-4D4B-4BF4-A778-324A0853AD51}"
EndProject
Project("{2150E333-8FDC-42A3-9474-1A3956D46DE8}") = "BackgroundTasks", "BackgroundTasks", "{8DD331B5-2A42-4336-A4E1-CE78DEAB7840}"
EndProject
Project("{FAE04EC0-301F-11D3-BF4B-00C04F79EFBC}") = "ChatService.Infrastructure.Tests", "tests\UnitTests\ChatService.Infrastructure.Tests\ChatService.Infrastructure.Tests.csproj", "{9E8176D5-268B-4BC1-839F-C4E744705407}"
EndProject
Project("{FAE04EC0-301F-11D3-BF4B-00C04F79EFBC}") = "ChatService.Core.Benchmarks", "tests\Benchmarks\ChatService.Core.Benchmarks\ChatService.Core.Benchmarks.csproj", "{8BB1985A-2B31-404E-BFCD-B6223A85A426}"
EndProject
Project("{FAE04EC0-301F-11D3-BF4B-00C04F79EFBC}") = "ChatService.Infrastructure.Benchmarks", "tests\Benchmarks\ChatService.Infrastructure.Benchmarks\ChatService.Infrastructure.Benchmarks.csproj", "{8FFB23B1-3A59-4D16-B939-ACBE5FEA5769}"
EndProject
Global
	GlobalSection(SolutionConfigurationPlatforms) = preSolution
		Debug|Any CPU = Debug|Any CPU
		Release|Any CPU = Release|Any CPU
	EndGlobalSection
	GlobalSection(ProjectConfigurationPlatforms) = postSolution
		{AA5A432C-519E-4E2A-8888-67E01AE05A73}.Debug|Any CPU.ActiveCfg = Debug|Any CPU
		{AA5A432C-519E-4E2A-8888-67E01AE05A73}.Debug|Any CPU.Build.0 = Debug|Any CPU
		{AA5A432C-519E-4E2A-8888-67E01AE05A73}.Release|Any CPU.ActiveCfg = Release|Any CPU
		{AA5A432C-519E-4E2A-8888-67E01AE05A73}.Release|Any CPU.Build.0 = Release|Any CPU
		{43156B55-9653-4664-A911-3DDCBBB5A85A}.Debug|Any CPU.ActiveCfg = Debug|Any CPU
		{43156B55-9653-4664-A911-3DDCBBB5A85A}.Debug|Any CPU.Build.0 = Debug|Any CPU
		{43156B55-9653-4664-A911-3DDCBBB5A85A}.Release|Any CPU.ActiveCfg = Release|Any CPU
		{43156B55-9653-4664-A911-3DDCBBB5A85A}.Release|Any CPU.Build.0 = Release|Any CPU
		{3DF5D9D7-D874-44CD-9CFD-E117573D7FF3}.Debug|Any CPU.ActiveCfg = Debug|Any CPU
		{3DF5D9D7-D874-44CD-9CFD-E117573D7FF3}.Debug|Any CPU.Build.0 = Debug|Any CPU
		{3DF5D9D7-D874-44CD-9CFD-E117573D7FF3}.Release|Any CPU.ActiveCfg = Release|Any CPU
		{3DF5D9D7-D874-44CD-9CFD-E117573D7FF3}.Release|Any CPU.Build.0 = Release|Any CPU
		{D803BB96-9241-4111-8A0F-040F0E63601E}.Debug|Any CPU.ActiveCfg = Debug|Any CPU
		{D803BB96-9241-4111-8A0F-040F0E63601E}.Debug|Any CPU.Build.0 = Debug|Any CPU
		{D803BB96-9241-4111-8A0F-040F0E63601E}.Release|Any CPU.ActiveCfg = Release|Any CPU
		{D803BB96-9241-4111-8A0F-040F0E63601E}.Release|Any CPU.Build.0 = Release|Any CPU
		{42953750-76B6-4208-B2E7-DEAAC376A020}.Debug|Any CPU.ActiveCfg = Debug|Any CPU
		{42953750-76B6-4208-B2E7-DEAAC376A020}.Debug|Any CPU.Build.0 = Debug|Any CPU
		{42953750-76B6-4208-B2E7-DEAAC376A020}.Release|Any CPU.ActiveCfg = Release|Any CPU
		{42953750-76B6-4208-B2E7-DEAAC376A020}.Release|Any CPU.Build.0 = Release|Any CPU
		{98A73A9A-FA41-4845-8CFB-F60646F8E106}.Debug|Any CPU.ActiveCfg = Debug|Any CPU
		{98A73A9A-FA41-4845-8CFB-F60646F8E106}.Debug|Any CPU.Build.0 = Debug|Any CPU
		{98A73A9A-FA41-4845-8CFB-F60646F8E106}.Release|Any CPU.ActiveCfg = Release|Any CPU
		{98A73A9A-FA41-4845-8CFB-F60646F8E106}.Release|Any CPU.Build.0 = Release|Any CPU
		{FA19F1E9-4D4B-4BF4-A778-324A0853AD51}.Debug|Any CPU.ActiveCfg = Debug|Any CPU
		{FA19F1E9-4D4B-4BF4-A778-324A0853AD51}.Debug|Any CPU.Build.0 = Debug|Any CPU
		{FA19F1E9-4D4B-4BF4-A778-324A0853AD51}.Release|Any CPU.ActiveCfg = Release|Any CPU
		{FA19F1E9-4D4B-4BF4-A778-324A0853AD51}.Release|Any CPU.Build.0 = Release|Any CPU
		{9E8176D5-268B-4BC1-839F-C4E744705407}.Debug|Any CPU.ActiveCfg = Debug|Any CPU
		{9E8176D5-268B-4BC1-839F-C4E744705407}.Debug|Any CPU.Build.0 = Debug|Any CPU
		{9E8176D5-268B-4BC1-839F-C4E744705407}.Release|Any CPU.ActiveCfg = Release|Any CPU
		{9E8176D5-268B-4BC1-839F-C4E744705407}.Release|Any CPU.Build.0 = Release|Any CPU
		{8BB1985A-2B31-404E-BFCD-B6223A85A426}.Debug|Any CPU.ActiveCfg = Debug|Any CPU
		{8BB1985A-2B31-404E-BFCD-B6223A85A426}.Debug|Any CPU.Build.0 = Debug|Any CPU
		{8BB1985A-2B31-404E-BFCD-B6223A85A426}.Release|Any CPU.ActiveCfg = Release|Any CPU
		{8BB1985A-2B31-404E-BFCD-B6223A85A426}.Release|Any CPU.Build.0 = Release|Any CPU
		{8FFB23B1-3A59-4D16-B939-ACBE5FEA5769}.Debug|Any CPU.ActiveCfg = Debug|Any CPU
		{8FFB23B1-3A59-4D16-B939-ACBE5FEA5769}.Debug|Any CPU.Build.0 = Debug|Any CPU
		{8FFB23B1-3A59-4D16-B939-ACBE5FEA5769}.Release|Any CPU.ActiveCfg = Release|Any CPU
		{8FFB23B1-3A59-4D16-B939-ACBE5FEA5769}.Release|Any CPU.Build.0 = Release|Any CPU
	EndGlobalSection
	GlobalSection(SolutionProperties) = preSolution
		HideSolutionNode = FALSE
	EndGlobalSection
	GlobalSection(NestedProjects) = preSolution
		{F9423383-F583-4720-86A6-C6C36A2A8D1B} = {FAB9262E-3185-46E0-85FC-252CAB9ED201}
		{E27AA7E3-CCA1-4968-925A-C9ADAC389FE8} = {FAB9262E-3185-46E0-85FC-252CAB9ED201}
		{AA5A432C-519E-4E2A-8888-67E01AE05A73} = {F9423383-F583-4720-86A6-C6C36A2A8D1B}
		{43156B55-9653-4664-A911-3DDCBBB5A85A} = {F9423383-F583-4720-86A6-C6C36A2A8D1B}
		{3DF5D9D7-D874-44CD-9CFD-E117573D7FF3} = {E27AA7E3-CCA1-4968-925A-C9ADAC389FE8}
		{D803BB96-9241-4111-8A0F-040F0E63601E} = {E27AA7E3-CCA1-4968-925A-C9ADAC389FE8}
		{42953750-76B6-4208-B2E7-DEAAC376A020} = {FAB9262E-3185-46E0-85FC-252CAB9ED201}
		{98A73A9A-FA41-4845-8CFB-F60646F8E106} = {FAB9262E-3185-46E0-85FC-252CAB9ED201}
		{6F832C49-B5F7-4369-8FAA-A2CA4E16A46E} = {23467FC8-9C82-4387-8118-B04D09E731A9}
		{54010D84-03E9-4AC6-8E80-BA05FD5819B8} = {23467FC8-9C82-4387-8118-B04D09E731A9}
		{FA19F1E9-4D4B-4BF4-A778-324A0853AD51} = {6F832C49-B5F7-4369-8FAA-A2CA4E16A46E}
		{8DD331B5-2A42-4336-A4E1-CE78DEAB7840} = {F9423383-F583-4720-86A6-C6C36A2A8D1B}
		{9E8176D5-268B-4BC1-839F-C4E744705407} = {6F832C49-B5F7-4369-8FAA-A2CA4E16A46E}
		{8BB1985A-2B31-404E-BFCD-B6223A85A426} = {54010D84-03E9-4AC6-8E80-BA05FD5819B8}
		{8FFB23B1-3A59-4D16-B939-ACBE5FEA5769} = {54010D84-03E9-4AC6-8E80-BA05FD5819B8}
	EndGlobalSection
EndGlobal
