Microsoft Visual Studio Solution File, Format Version 12.00
# Visual Studio Version 17
VisualStudioVersion = 17.5.2.0
MinimumVisualStudioVersion = 10.0.40219.1
Project("{FAE04EC0-301F-11D3-BF4B-00C04F79EFBC}") = "ChatService.Core", "Core\ChatService.Core.csproj", "{2F8CAB45-80D5-BA72-25B1-E0B2A8624EB9}"
EndProject
Project("{FAE04EC0-301F-11D3-BF4B-00C04F79EFBC}") = "ChatService.Infrastructure", "Infrastructure\ChatService.Infrastructure.csproj", "{9437837A-7D75-513C-7C09-63D6A45736E5}"
EndProject
Project("{2150E333-8FDC-42A3-9474-1A3956D46DE8}") = "Apps", "Apps", "{1787FE1D-075E-9E68-7218-25F1BD1BBEAB}"
EndProject
Project("{2150E333-8FDC-42A3-9474-1A3956D46DE8}") = "Aspire", "Aspire", "{64880D93-BAB4-FF83-898C-B934B68C31A9}"
EndProject
Project("{FAE04EC0-301F-11D3-BF4B-00C04F79EFBC}") = "ChatService.APIs.REST", "Apps\ChatService.APIs.REST\ChatService.APIs.REST.csproj", "{00CD477B-2BA6-5A16-4A45-B741E547B6FA}"
EndProject
Project("{FAE04EC0-301F-11D3-BF4B-00C04F79EFBC}") = "ChatService.WebSockets.SignalR", "Apps\ChatService.WebSockets.SignalR\ChatService.WebSockets.SignalR.csproj", "{A84830CC-0CB3-550D-4AF1-2E808ED6DD5E}"
EndProject
Project("{FAE04EC0-301F-11D3-BF4B-00C04F79EFBC}") = "ChatService.AppHost", "Aspire\ChatService.AppHost\ChatService.AppHost.csproj", "{E649987F-8B4C-9467-F7A5-E54DE4F78ED2}"
EndProject
Project("{FAE04EC0-301F-11D3-BF4B-00C04F79EFBC}") = "ChatService.ServiceDefaults", "Aspire\ChatService.ServiceDefaults\ChatService.ServiceDefaults.csproj", "{ADF5A103-C33B-211A-464D-A74CC6D2D0B5}"
EndProject
Global
	GlobalSection(SolutionConfigurationPlatforms) = preSolution
		Debug|Any CPU = Debug|Any CPU
		Release|Any CPU = Release|Any CPU
	EndGlobalSection
	GlobalSection(ProjectConfigurationPlatforms) = postSolution
		{2F8CAB45-80D5-BA72-25B1-E0B2A8624EB9}.Debug|Any CPU.ActiveCfg = Debug|Any CPU
		{2F8CAB45-80D5-BA72-25B1-E0B2A8624EB9}.Debug|Any CPU.Build.0 = Debug|Any CPU
		{2F8CAB45-80D5-BA72-25B1-E0B2A8624EB9}.Release|Any CPU.ActiveCfg = Release|Any CPU
		{2F8CAB45-80D5-BA72-25B1-E0B2A8624EB9}.Release|Any CPU.Build.0 = Release|Any CPU
		{9437837A-7D75-513C-7C09-63D6A45736E5}.Debug|Any CPU.ActiveCfg = Debug|Any CPU
		{9437837A-7D75-513C-7C09-63D6A45736E5}.Debug|Any CPU.Build.0 = Debug|Any CPU
		{9437837A-7D75-513C-7C09-63D6A45736E5}.Release|Any CPU.ActiveCfg = Release|Any CPU
		{9437837A-7D75-513C-7C09-63D6A45736E5}.Release|Any CPU.Build.0 = Release|Any CPU
		{00CD477B-2BA6-5A16-4A45-B741E547B6FA}.Debug|Any CPU.ActiveCfg = Debug|Any CPU
		{00CD477B-2BA6-5A16-4A45-B741E547B6FA}.Debug|Any CPU.Build.0 = Debug|Any CPU
		{00CD477B-2BA6-5A16-4A45-B741E547B6FA}.Release|Any CPU.ActiveCfg = Release|Any CPU
		{00CD477B-2BA6-5A16-4A45-B741E547B6FA}.Release|Any CPU.Build.0 = Release|Any CPU
		{A84830CC-0CB3-550D-4AF1-2E808ED6DD5E}.Debug|Any CPU.ActiveCfg = Debug|Any CPU
		{A84830CC-0CB3-550D-4AF1-2E808ED6DD5E}.Debug|Any CPU.Build.0 = Debug|Any CPU
		{A84830CC-0CB3-550D-4AF1-2E808ED6DD5E}.Release|Any CPU.ActiveCfg = Release|Any CPU
		{A84830CC-0CB3-550D-4AF1-2E808ED6DD5E}.Release|Any CPU.Build.0 = Release|Any CPU
		{E649987F-8B4C-9467-F7A5-E54DE4F78ED2}.Debug|Any CPU.ActiveCfg = Debug|Any CPU
		{E649987F-8B4C-9467-F7A5-E54DE4F78ED2}.Debug|Any CPU.Build.0 = Debug|Any CPU
		{E649987F-8B4C-9467-F7A5-E54DE4F78ED2}.Release|Any CPU.ActiveCfg = Release|Any CPU
		{E649987F-8B4C-9467-F7A5-E54DE4F78ED2}.Release|Any CPU.Build.0 = Release|Any CPU
		{ADF5A103-C33B-211A-464D-A74CC6D2D0B5}.Debug|Any CPU.ActiveCfg = Debug|Any CPU
		{ADF5A103-C33B-211A-464D-A74CC6D2D0B5}.Debug|Any CPU.Build.0 = Debug|Any CPU
		{ADF5A103-C33B-211A-464D-A74CC6D2D0B5}.Release|Any CPU.ActiveCfg = Release|Any CPU
		{ADF5A103-C33B-211A-464D-A74CC6D2D0B5}.Release|Any CPU.Build.0 = Release|Any CPU
	EndGlobalSection
	GlobalSection(SolutionProperties) = preSolution
		HideSolutionNode = FALSE
	EndGlobalSection
	GlobalSection(NestedProjects) = preSolution
		{00CD477B-2BA6-5A16-4A45-B741E547B6FA} = {1787FE1D-075E-9E68-7218-25F1BD1BBEAB}
		{A84830CC-0CB3-550D-4AF1-2E808ED6DD5E} = {1787FE1D-075E-9E68-7218-25F1BD1BBEAB}
		{E649987F-8B4C-9467-F7A5-E54DE4F78ED2} = {64880D93-BAB4-FF83-898C-B934B68C31A9}
		{ADF5A103-C33B-211A-464D-A74CC6D2D0B5} = {64880D93-BAB4-FF83-898C-B934B68C31A9}
	EndGlobalSection
	GlobalSection(ExtensibilityGlobals) = postSolution
		SolutionGuid = {0168F0B5-BAEB-44B2-BD40-4C65B66FDE30}
	EndGlobalSection
EndGlobal
